
Microsoft Visual Studio Solution File, Format Version 12.00
# Visual Studio Version 17
VisualStudioVersion = 17.0.32014.148
MinimumVisualStudioVersion = 10.0.40219.1
Project("{8BC9CEB8-8B4A-11D0-8D11-00A0C91BC942}") = "Daynamic_3", "Daynamic_3.vcxproj", "{DE297F3C-F53B-4997-B8D5-AC21870D8F0C}"
EndProject
Global
	GlobalSection(SolutionConfigurationPlatforms) = preSolution
		Debug|x64 = Debug|x64
		Debug|x86 = Debug|x86
		Release|x64 = Release|x64
		Release|x86 = Release|x86
	EndGlobalSection
	GlobalSection(ProjectConfigurationPlatforms) = postSolution
		{DE297F3C-F53B-4997-B8D5-AC21870D8F0C}.Debug|x64.ActiveCfg = Debug|x64
		{DE297F3C-F53B-4997-B8D5-AC21870D8F0C}.Debug|x64.Build.0 = Debug|x64
		{DE297F3C-F53B-4997-B8D5-AC21870D8F0C}.Debug|x86.ActiveCfg = Debug|Win32
		{DE297F3C-F53B-4997-B8D5-AC21870D8F0C}.Debug|x86.Build.0 = Debug|Win32
		{DE297F3C-F53B-4997-B8D5-AC21870D8F0C}.Release|x64.ActiveCfg = Release|x64
		{DE297F3C-F53B-4997-B8D5-AC21870D8F0C}.Release|x64.Build.0 = Release|x64
		{DE297F3C-F53B-4997-B8D5-AC21870D8F0C}.Release|x86.ActiveCfg = Release|Win32
		{DE297F3C-F53B-4997-B8D5-AC21870D8F0C}.Release|x86.Build.0 = Release|Win32
	EndGlobalSection
	GlobalSection(SolutionProperties) = preSolution
		HideSolutionNode = FALSE
	EndGlobalSection
	GlobalSection(ExtensibilityGlobals) = postSolution
		SolutionGuid = {CDC4F2E8-9113-46EF-A126-12CFA6FDECD5}
	EndGlobalSection
EndGlobal
